
Microsoft Visual Studio Solution File, Format Version 12.00
Project("{FAE04EC0-301F-11D3-BF4B-00C04F79EFBC}") = "Core", "Core\Core.csproj", "{E3E83A10-B268-4A24-A80E-B0752988E242}"
EndProject
Project("{FAE04EC0-301F-11D3-BF4B-00C04F79EFBC}") = "Tweaks", "Tweaks\Tweaks.csproj", "{52AA0CBD-794C-4BA2-A109-DD3C50671159}"
EndProject
Project("{FAE04EC0-301F-11D3-BF4B-00C04F79EFBC}") = "Colorizer.Game", "Colorizer.Game\Colorizer.Game.csproj", "{7D288C73-7F71-41AD-A666-5B6D9C841F8B}"
EndProject
Project("{FAE04EC0-301F-11D3-BF4B-00C04F79EFBC}") = "Colorizer.UI", "Colorizer.UI\Colorizer.UI.csproj", "{BA3ED919-48FA-4606-B9AF-8A7158818FA9}"
EndProject
Project("{FAE04EC0-301F-11D3-BF4B-00C04F79EFBC}") = "Server", "Server\Server.csproj", "{81A3245B-ABD5-4787-AFA6-938B618BF66C}"
EndProject
Project("{FAE04EC0-301F-11D3-BF4B-00C04F79EFBC}") = "Shared", "Shared\Shared.csproj", "{3165B207-3CB2-4E3C-950B-0AFDA0567A70}"
EndProject
Project("{FAE04EC0-301F-11D3-BF4B-00C04F79EFBC}") = "Loader", "Loader\Loader.csproj", "{355F920C-8164-4C5B-A61D-93A93CE8CDAA}"
EndProject
Project("{FAE04EC0-301F-11D3-BF4B-00C04F79EFBC}") = "HitScore", "HitScore\HitScore.csproj", "{1231F809-BF8B-48F2-8BA1-E4B8E058DE14}"
EndProject
Project("{FAE04EC0-301F-11D3-BF4B-00C04F79EFBC}") = "DarkEnvironment", "DarkEnvironment\DarkEnvironment.csproj", "{C0414274-0492-4798-AED6-F5D6FBAE9AEE}"
EndProject
Project("{FAE04EC0-301F-11D3-BF4B-00C04F79EFBC}") = "MissTexts", "MissTexts\MissTexts.csproj", "{C1BF6338-8697-4290-93FA-D1DEC3247736}"
EndProject
Project("{FAE04EC0-301F-11D3-BF4B-00C04F79EFBC}") = "Twitch.TTS", "Twitch.TTS\Twitch.TTS.csproj", "{CCF304F7-ADB4-47FC-AB0F-8C69333AB38C}"
EndProject
Project("{FAE04EC0-301F-11D3-BF4B-00C04F79EFBC}") = "ReeSabersColorizer", "ReeSabersColorizer\ReeSabersColorizer.csproj", "{B971AEDA-50C8-457D-8BFB-3F9C2AF8AE1F}"
EndProject
Project("{FAE04EC0-301F-11D3-BF4B-00C04F79EFBC}") = "Twitch", "Twitch\Twitch.csproj", "{5034C8FA-75AB-4978-8B59-2F65FCE521B8}"
EndProject
Project("{FAE04EC0-301F-11D3-BF4B-00C04F79EFBC}") = "Twitch.Request", "Twitch.Request\Twitch.Request.csproj", "{B73EA2A3-D808-4961-996E-3E8FED7D7756}"
EndProject
Project("{FAE04EC0-301F-11D3-BF4B-00C04F79EFBC}") = "SmoothedControllers", "SmoothedControllers\SmoothedControllers.csproj", "{00276CE8-B347-48E2-B754-B8CF1E037051}"
EndProject
Project("{FAE04EC0-301F-11D3-BF4B-00C04F79EFBC}") = "RankedBadge", "RankedBadge\RankedBadge.csproj", "{2B5F9BC2-AF1A-4942-AB2E-B4C23FD967C3}"
EndProject
Project("{FAE04EC0-301F-11D3-BF4B-00C04F79EFBC}") = "ReeSabersHack", "ReeSabersHack\ReeSabersHack.csproj", "{7F327851-32A3-4216-8B69-4E67602EB0A2}"
EndProject
Project("{FAE04EC0-301F-11D3-BF4B-00C04F79EFBC}") = "Twitch.Shared", "Twitch.Shared\Twitch.Shared.csproj", "{3B98967B-6632-4387-A3F9-8A975F96E380}"
EndProject
Project("{FAE04EC0-301F-11D3-BF4B-00C04F79EFBC}") = "Twitch.Chat", "Twitch.Chat\Twitch.Chat.csproj", "{8CC363B1-4E13-44D5-B052-AD7B80ED3A35}"
EndProject
Global
	GlobalSection(SolutionConfigurationPlatforms) = preSolution
		Debug|Any CPU = Debug|Any CPU
		Release|Any CPU = Release|Any CPU
	EndGlobalSection
	GlobalSection(ProjectConfigurationPlatforms) = postSolution
		{E3E83A10-B268-4A24-A80E-B0752988E242}.Release|Any CPU.ActiveCfg = Release|Any CPU
		{E3E83A10-B268-4A24-A80E-B0752988E242}.Release|Any CPU.Build.0 = Release|Any CPU
		{E3E83A10-B268-4A24-A80E-B0752988E242}.Debug|Any CPU.ActiveCfg = Debug|Any CPU
		{E3E83A10-B268-4A24-A80E-B0752988E242}.Debug|Any CPU.Build.0 = Debug|Any CPU
		{52AA0CBD-794C-4BA2-A109-DD3C50671159}.Debug|Any CPU.ActiveCfg = Debug|Any CPU
		{52AA0CBD-794C-4BA2-A109-DD3C50671159}.Debug|Any CPU.Build.0 = Debug|Any CPU
		{52AA0CBD-794C-4BA2-A109-DD3C50671159}.Release|Any CPU.ActiveCfg = Release|Any CPU
		{52AA0CBD-794C-4BA2-A109-DD3C50671159}.Release|Any CPU.Build.0 = Release|Any CPU
		{7D288C73-7F71-41AD-A666-5B6D9C841F8B}.Debug|Any CPU.ActiveCfg = Debug|Any CPU
		{7D288C73-7F71-41AD-A666-5B6D9C841F8B}.Debug|Any CPU.Build.0 = Debug|Any CPU
		{7D288C73-7F71-41AD-A666-5B6D9C841F8B}.Release|Any CPU.ActiveCfg = Release|Any CPU
		{7D288C73-7F71-41AD-A666-5B6D9C841F8B}.Release|Any CPU.Build.0 = Release|Any CPU
		{BA3ED919-48FA-4606-B9AF-8A7158818FA9}.Debug|Any CPU.ActiveCfg = Debug|Any CPU
		{BA3ED919-48FA-4606-B9AF-8A7158818FA9}.Debug|Any CPU.Build.0 = Debug|Any CPU
		{BA3ED919-48FA-4606-B9AF-8A7158818FA9}.Release|Any CPU.ActiveCfg = Release|Any CPU
		{BA3ED919-48FA-4606-B9AF-8A7158818FA9}.Release|Any CPU.Build.0 = Release|Any CPU
		{81A3245B-ABD5-4787-AFA6-938B618BF66C}.Debug|Any CPU.ActiveCfg = Debug|Any CPU
		{81A3245B-ABD5-4787-AFA6-938B618BF66C}.Debug|Any CPU.Build.0 = Debug|Any CPU
		{81A3245B-ABD5-4787-AFA6-938B618BF66C}.Release|Any CPU.ActiveCfg = Release|Any CPU
		{81A3245B-ABD5-4787-AFA6-938B618BF66C}.Release|Any CPU.Build.0 = Release|Any CPU
		{3165B207-3CB2-4E3C-950B-0AFDA0567A70}.Debug|Any CPU.ActiveCfg = Debug|Any CPU
		{3165B207-3CB2-4E3C-950B-0AFDA0567A70}.Debug|Any CPU.Build.0 = Debug|Any CPU
		{3165B207-3CB2-4E3C-950B-0AFDA0567A70}.Release|Any CPU.ActiveCfg = Release|Any CPU
		{3165B207-3CB2-4E3C-950B-0AFDA0567A70}.Release|Any CPU.Build.0 = Release|Any CPU
		{355F920C-8164-4C5B-A61D-93A93CE8CDAA}.Release|Any CPU.ActiveCfg = Release|Any CPU
		{355F920C-8164-4C5B-A61D-93A93CE8CDAA}.Release|Any CPU.Build.0 = Release|Any CPU
		{355F920C-8164-4C5B-A61D-93A93CE8CDAA}.Debug|Any CPU.ActiveCfg = Debug|Any CPU
		{355F920C-8164-4C5B-A61D-93A93CE8CDAA}.Debug|Any CPU.Build.0 = Debug|Any CPU
		{1231F809-BF8B-48F2-8BA1-E4B8E058DE14}.Debug|Any CPU.ActiveCfg = Debug|Any CPU
		{1231F809-BF8B-48F2-8BA1-E4B8E058DE14}.Debug|Any CPU.Build.0 = Debug|Any CPU
		{1231F809-BF8B-48F2-8BA1-E4B8E058DE14}.Release|Any CPU.ActiveCfg = Release|Any CPU
		{1231F809-BF8B-48F2-8BA1-E4B8E058DE14}.Release|Any CPU.Build.0 = Release|Any CPU
		{C0414274-0492-4798-AED6-F5D6FBAE9AEE}.Debug|Any CPU.ActiveCfg = Debug|Any CPU
		{C0414274-0492-4798-AED6-F5D6FBAE9AEE}.Debug|Any CPU.Build.0 = Debug|Any CPU
		{C0414274-0492-4798-AED6-F5D6FBAE9AEE}.Release|Any CPU.ActiveCfg = Release|Any CPU
		{C0414274-0492-4798-AED6-F5D6FBAE9AEE}.Release|Any CPU.Build.0 = Release|Any CPU
		{C1BF6338-8697-4290-93FA-D1DEC3247736}.Debug|Any CPU.ActiveCfg = Debug|Any CPU
		{C1BF6338-8697-4290-93FA-D1DEC3247736}.Debug|Any CPU.Build.0 = Debug|Any CPU
		{C1BF6338-8697-4290-93FA-D1DEC3247736}.Release|Any CPU.ActiveCfg = Release|Any CPU
		{C1BF6338-8697-4290-93FA-D1DEC3247736}.Release|Any CPU.Build.0 = Release|Any CPU
		{CCF304F7-ADB4-47FC-AB0F-8C69333AB38C}.Debug|Any CPU.ActiveCfg = Debug|Any CPU
		{CCF304F7-ADB4-47FC-AB0F-8C69333AB38C}.Debug|Any CPU.Build.0 = Debug|Any CPU
		{CCF304F7-ADB4-47FC-AB0F-8C69333AB38C}.Release|Any CPU.ActiveCfg = Release|Any CPU
		{CCF304F7-ADB4-47FC-AB0F-8C69333AB38C}.Release|Any CPU.Build.0 = Release|Any CPU
		{B971AEDA-50C8-457D-8BFB-3F9C2AF8AE1F}.Debug|Any CPU.ActiveCfg = Debug|Any CPU
		{B971AEDA-50C8-457D-8BFB-3F9C2AF8AE1F}.Debug|Any CPU.Build.0 = Debug|Any CPU
		{B971AEDA-50C8-457D-8BFB-3F9C2AF8AE1F}.Release|Any CPU.ActiveCfg = Release|Any CPU
		{B971AEDA-50C8-457D-8BFB-3F9C2AF8AE1F}.Release|Any CPU.Build.0 = Release|Any CPU
		{5034C8FA-75AB-4978-8B59-2F65FCE521B8}.Debug|Any CPU.ActiveCfg = Debug|Any CPU
		{5034C8FA-75AB-4978-8B59-2F65FCE521B8}.Debug|Any CPU.Build.0 = Debug|Any CPU
		{5034C8FA-75AB-4978-8B59-2F65FCE521B8}.Release|Any CPU.ActiveCfg = Release|Any CPU
		{5034C8FA-75AB-4978-8B59-2F65FCE521B8}.Release|Any CPU.Build.0 = Release|Any CPU
		{B73EA2A3-D808-4961-996E-3E8FED7D7756}.Debug|Any CPU.ActiveCfg = Debug|Any CPU
		{B73EA2A3-D808-4961-996E-3E8FED7D7756}.Debug|Any CPU.Build.0 = Debug|Any CPU
		{B73EA2A3-D808-4961-996E-3E8FED7D7756}.Release|Any CPU.ActiveCfg = Release|Any CPU
		{B73EA2A3-D808-4961-996E-3E8FED7D7756}.Release|Any CPU.Build.0 = Release|Any CPU
		{00276CE8-B347-48E2-B754-B8CF1E037051}.Debug|Any CPU.ActiveCfg = Debug|Any CPU
		{00276CE8-B347-48E2-B754-B8CF1E037051}.Debug|Any CPU.Build.0 = Debug|Any CPU
		{00276CE8-B347-48E2-B754-B8CF1E037051}.Release|Any CPU.ActiveCfg = Release|Any CPU
		{00276CE8-B347-48E2-B754-B8CF1E037051}.Release|Any CPU.Build.0 = Release|Any CPU
		{2B5F9BC2-AF1A-4942-AB2E-B4C23FD967C3}.Debug|Any CPU.ActiveCfg = Debug|Any CPU
		{2B5F9BC2-AF1A-4942-AB2E-B4C23FD967C3}.Debug|Any CPU.Build.0 = Debug|Any CPU
		{2B5F9BC2-AF1A-4942-AB2E-B4C23FD967C3}.Release|Any CPU.ActiveCfg = Release|Any CPU
		{2B5F9BC2-AF1A-4942-AB2E-B4C23FD967C3}.Release|Any CPU.Build.0 = Release|Any CPU
		{7F327851-32A3-4216-8B69-4E67602EB0A2}.Debug|Any CPU.ActiveCfg = Debug|Any CPU
		{7F327851-32A3-4216-8B69-4E67602EB0A2}.Debug|Any CPU.Build.0 = Debug|Any CPU
		{7F327851-32A3-4216-8B69-4E67602EB0A2}.Release|Any CPU.ActiveCfg = Release|Any CPU
		{7F327851-32A3-4216-8B69-4E67602EB0A2}.Release|Any CPU.Build.0 = Release|Any CPU
		{3B98967B-6632-4387-A3F9-8A975F96E380}.Debug|Any CPU.ActiveCfg = Debug|Any CPU
		{3B98967B-6632-4387-A3F9-8A975F96E380}.Debug|Any CPU.Build.0 = Debug|Any CPU
		{3B98967B-6632-4387-A3F9-8A975F96E380}.Release|Any CPU.ActiveCfg = Release|Any CPU
		{3B98967B-6632-4387-A3F9-8A975F96E380}.Release|Any CPU.Build.0 = Release|Any CPU
		{8CC363B1-4E13-44D5-B052-AD7B80ED3A35}.Debug|Any CPU.ActiveCfg = Debug|Any CPU
		{8CC363B1-4E13-44D5-B052-AD7B80ED3A35}.Debug|Any CPU.Build.0 = Debug|Any CPU
		{8CC363B1-4E13-44D5-B052-AD7B80ED3A35}.Release|Any CPU.ActiveCfg = Release|Any CPU
		{8CC363B1-4E13-44D5-B052-AD7B80ED3A35}.Release|Any CPU.Build.0 = Release|Any CPU
	EndGlobalSection
EndGlobal
